// !$*UTF8*$!
{
	archiveVersion = 1;
	classes = {
	};
	objectVersion = 55;
	objects = {

/* Begin PBXBuildFile section */
		F118A0C427A4D2BD001D7D76 /* AppDelegate.swift in Sources */ = {isa = PBXBuildFile; fileRef = F118A0C327A4D2BD001D7D76 /* AppDelegate.swift */; };
		F118A0C627A4D2BD001D7D76 /* SceneDelegate.swift in Sources */ = {isa = PBXBuildFile; fileRef = F118A0C527A4D2BD001D7D76 /* SceneDelegate.swift */; };
		F118A0C827A4D2BD001D7D76 /* ViewController.swift in Sources */ = {isa = PBXBuildFile; fileRef = F118A0C727A4D2BD001D7D76 /* ViewController.swift */; };
		F118A0CB27A4D2BD001D7D76 /* Main.storyboard in Resources */ = {isa = PBXBuildFile; fileRef = F118A0C927A4D2BD001D7D76 /* Main.storyboard */; };
		F118A0CD27A4D2C0001D7D76 /* Assets.xcassets in Resources */ = {isa = PBXBuildFile; fileRef = F118A0CC27A4D2C0001D7D76 /* Assets.xcassets */; };
		F118A0D027A4D2C0001D7D76 /* LaunchScreen.storyboard in Resources */ = {isa = PBXBuildFile; fileRef = F118A0CE27A4D2C0001D7D76 /* LaunchScreen.storyboard */; };
		F118A0DB27A4D2C0001D7D76 /* PreworkTests.swift in Sources */ = {isa = PBXBuildFile; fileRef = F118A0DA27A4D2C0001D7D76 /* PreworkTests.swift */; };
		F118A0E527A4D2C0001D7D76 /* PreworkUITests.swift in Sources */ = {isa = PBXBuildFile; fileRef = F118A0E427A4D2C0001D7D76 /* PreworkUITests.swift */; };
		F118A0E727A4D2C0001D7D76 /* PreworkUITestsLaunchTests.swift in Sources */ = {isa = PBXBuildFile; fileRef = F118A0E627A4D2C0001D7D76 /* PreworkUITestsLaunchTests.swift */; };
/* End PBXBuildFile section */

/* Begin PBXContainerItemProxy section */
		F118A0D727A4D2C0001D7D76 /* PBXContainerItemProxy */ = {
			isa = PBXContainerItemProxy;
			containerPortal = F118A0B827A4D2BD001D7D76 /* Project object */;
			proxyType = 1;
			remoteGlobalIDString = F118A0BF27A4D2BD001D7D76;
			remoteInfo = Prework;
		};
		F118A0E127A4D2C0001D7D76 /* PBXContainerItemProxy */ = {
			isa = PBXContainerItemProxy;
			containerPortal = F118A0B827A4D2BD001D7D76 /* Project object */;
			proxyType = 1;
			remoteGlobalIDString = F118A0BF27A4D2BD001D7D76;
			remoteInfo = Prework;
		};
/* End PBXContainerItemProxy section */

/* Begin PBXFileReference section */
		F118A0C027A4D2BD001D7D76 /* Prework.app */ = {isa = PBXFileReference; explicitFileType = wrapper.application; includeInIndex = 0; path = Prework.app; sourceTree = BUILT_PRODUCTS_DIR; };
		F118A0C327A4D2BD001D7D76 /* AppDelegate.swift */ = {isa = PBXFileReference; lastKnownFileType = sourcecode.swift; path = AppDelegate.swift; sourceTree = "<group>"; };
		F118A0C527A4D2BD001D7D76 /* SceneDelegate.swift */ = {isa = PBXFileReference; lastKnownFileType = sourcecode.swift; path = SceneDelegate.swift; sourceTree = "<group>"; };
		F118A0C727A4D2BD001D7D76 /* ViewController.swift */ = {isa = PBXFileReference; lastKnownFileType = sourcecode.swift; path = ViewController.swift; sourceTree = "<group>"; };
		F118A0CA27A4D2BD001D7D76 /* Base */ = {isa = PBXFileReference; lastKnownFileType = file.storyboard; name = Base; path = Base.lproj/Main.storyboard; sourceTree = "<group>"; };
		F118A0CC27A4D2C0001D7D76 /* Assets.xcassets */ = {isa = PBXFileReference; lastKnownFileType = folder.assetcatalog; path = Assets.xcassets; sourceTree = "<group>"; };
		F118A0CF27A4D2C0001D7D76 /* Base */ = {isa = PBXFileReference; lastKnownFileType = file.storyboard; name = Base; path = Base.lproj/LaunchScreen.storyboard; sourceTree = "<group>"; };
		F118A0D127A4D2C0001D7D76 /* Info.plist */ = {isa = PBXFileReference; lastKnownFileType = text.plist.xml; path = Info.plist; sourceTree = "<group>"; };
		F118A0D627A4D2C0001D7D76 /* PreworkTests.xctest */ = {isa = PBXFileReference; explicitFileType = wrapper.cfbundle; includeInIndex = 0; path = PreworkTests.xctest; sourceTree = BUILT_PRODUCTS_DIR; };
		F118A0DA27A4D2C0001D7D76 /* PreworkTests.swift */ = {isa = PBXFileReference; lastKnownFileType = sourcecode.swift; path = PreworkTests.swift; sourceTree = "<group>"; };
		F118A0E027A4D2C0001D7D76 /* PreworkUITests.xctest */ = {isa = PBXFileReference; explicitFileType = wrapper.cfbundle; includeInIndex = 0; path = PreworkUITests.xctest; sourceTree = BUILT_PRODUCTS_DIR; };
		F118A0E427A4D2C0001D7D76 /* PreworkUITests.swift */ = {isa = PBXFileReference; lastKnownFileType = sourcecode.swift; path = PreworkUITests.swift; sourceTree = "<group>"; };
		F118A0E627A4D2C0001D7D76 /* PreworkUITestsLaunchTests.swift */ = {isa = PBXFileReference; lastKnownFileType = sourcecode.swift; path = PreworkUITestsLaunchTests.swift; sourceTree = "<group>"; };
/* End PBXFileReference section */

/* Begin PBXFrameworksBuildPhase section */
		F118A0BD27A4D2BD001D7D76 /* Frameworks */ = {
			isa = PBXFrameworksBuildPhase;
			buildActionMask = 2147483647;
			files = (
			);
			runOnlyForDeploymentPostprocessing = 0;
		};
		F118A0D327A4D2C0001D7D76 /* Frameworks */ = {
			isa = PBXFrameworksBuildPhase;
			buildActionMask = 2147483647;
			files = (
			);
			runOnlyForDeploymentPostprocessing = 0;
		};
		F118A0DD27A4D2C0001D7D76 /* Frameworks */ = {
			isa = PBXFrameworksBuildPhase;
			buildActionMask = 2147483647;
			files = (
			);
			runOnlyForDeploymentPostprocessing = 0;
		};
/* End PBXFrameworksBuildPhase section */

/* Begin PBXGroup section */
		F118A0B727A4D2BD001D7D76 = {
			isa = PBXGroup;
			children = (
				F118A0C227A4D2BD001D7D76 /* Prework */,
				F118A0D927A4D2C0001D7D76 /* PreworkTests */,
				F118A0E327A4D2C0001D7D76 /* PreworkUITests */,
				F118A0C127A4D2BD001D7D76 /* Products */,
			);
			sourceTree = "<group>";
		};
		F118A0C127A4D2BD001D7D76 /* Products */ = {
			isa = PBXGroup;
			children = (
				F118A0C027A4D2BD001D7D76 /* Prework.app */,
				F118A0D627A4D2C0001D7D76 /* PreworkTests.xctest */,
				F118A0E027A4D2C0001D7D76 /* PreworkUITests.xctest */,
			);
			name = Products;
			sourceTree = "<group>";
		};
		F118A0C227A4D2BD001D7D76 /* Prework */ = {
			isa = PBXGroup;
			children = (
				F118A0C327A4D2BD001D7D76 /* AppDelegate.swift */,
				F118A0C527A4D2BD001D7D76 /* SceneDelegate.swift */,
				F118A0C727A4D2BD001D7D76 /* ViewController.swift */,
				F118A0C927A4D2BD001D7D76 /* Main.storyboard */,
				F118A0CC27A4D2C0001D7D76 /* Assets.xcassets */,
				F118A0CE27A4D2C0001D7D76 /* LaunchScreen.storyboard */,
				F118A0D127A4D2C0001D7D76 /* Info.plist */,
			);
			path = Prework;
			sourceTree = "<group>";
		};
		F118A0D927A4D2C0001D7D76 /* PreworkTests */ = {
			isa = PBXGroup;
			children = (
				F118A0DA27A4D2C0001D7D76 /* PreworkTests.swift */,
			);
			path = PreworkTests;
			sourceTree = "<group>";
		};
		F118A0E327A4D2C0001D7D76 /* PreworkUITests */ = {
			isa = PBXGroup;
			children = (
				F118A0E427A4D2C0001D7D76 /* PreworkUITests.swift */,
				F118A0E627A4D2C0001D7D76 /* PreworkUITestsLaunchTests.swift */,
			);
			path = PreworkUITests;
			sourceTree = "<group>";
		};
/* End PBXGroup section */

/* Begin PBXNativeTarget section */
		F118A0BF27A4D2BD001D7D76 /* Prework */ = {
			isa = PBXNativeTarget;
			buildConfigurationList = F118A0EA27A4D2C0001D7D76 /* Build configuration list for PBXNativeTarget "Prework" */;
			buildPhases = (
				F118A0BC27A4D2BD001D7D76 /* Sources */,
				F118A0BD27A4D2BD001D7D76 /* Frameworks */,
				F118A0BE27A4D2BD001D7D76 /* Resources */,
			);
			buildRules = (
			);
			dependencies = (
			);
			name = Prework;
			productName = Prework;
			productReference = F118A0C027A4D2BD001D7D76 /* Prework.app */;
			productType = "com.apple.product-type.application";
		};
		F118A0D527A4D2C0001D7D76 /* PreworkTests */ = {
			isa = PBXNativeTarget;
			buildConfigurationList = F118A0ED27A4D2C0001D7D76 /* Build configuration list for PBXNativeTarget "PreworkTests" */;
			buildPhases = (
				F118A0D227A4D2C0001D7D76 /* Sources */,
				F118A0D327A4D2C0001D7D76 /* Frameworks */,
				F118A0D427A4D2C0001D7D76 /* Resources */,
			);
			buildRules = (
			);
			dependencies = (
				F118A0D827A4D2C0001D7D76 /* PBXTargetDependency */,
			);
			name = PreworkTests;
			productName = PreworkTests;
			productReference = F118A0D627A4D2C0001D7D76 /* PreworkTests.xctest */;
			productType = "com.apple.product-type.bundle.unit-test";
		};
		F118A0DF27A4D2C0001D7D76 /* PreworkUITests */ = {
			isa = PBXNativeTarget;
			buildConfigurationList = F118A0F027A4D2C0001D7D76 /* Build configuration list for PBXNativeTarget "PreworkUITests" */;
			buildPhases = (
				F118A0DC27A4D2C0001D7D76 /* Sources */,
				F118A0DD27A4D2C0001D7D76 /* Frameworks */,
				F118A0DE27A4D2C0001D7D76 /* Resources */,
			);
			buildRules = (
			);
			dependencies = (
				F118A0E227A4D2C0001D7D76 /* PBXTargetDependency */,
			);
			name = PreworkUITests;
			productName = PreworkUITests;
			productReference = F118A0E027A4D2C0001D7D76 /* PreworkUITests.xctest */;
			productType = "com.apple.product-type.bundle.ui-testing";
		};
/* End PBXNativeTarget section */

/* Begin PBXProject section */
		F118A0B827A4D2BD001D7D76 /* Project object */ = {
			isa = PBXProject;
			attributes = {
				BuildIndependentTargetsInParallel = 1;
				LastSwiftUpdateCheck = 1330;
				LastUpgradeCheck = 1330;
				TargetAttributes = {
					F118A0BF27A4D2BD001D7D76 = {
						CreatedOnToolsVersion = 13.3;
					};
					F118A0D527A4D2C0001D7D76 = {
						CreatedOnToolsVersion = 13.3;
						TestTargetID = F118A0BF27A4D2BD001D7D76;
					};
					F118A0DF27A4D2C0001D7D76 = {
						CreatedOnToolsVersion = 13.3;
						TestTargetID = F118A0BF27A4D2BD001D7D76;
					};
				};
			};
			buildConfigurationList = F118A0BB27A4D2BD001D7D76 /* Build configuration list for PBXProject "Prework" */;
			compatibilityVersion = "Xcode 13.0";
			developmentRegion = en;
			hasScannedForEncodings = 0;
			knownRegions = (
				en,
				Base,
			);
			mainGroup = F118A0B727A4D2BD001D7D76;
			productRefGroup = F118A0C127A4D2BD001D7D76 /* Products */;
			projectDirPath = "";
			projectRoot = "";
			targets = (
				F118A0BF27A4D2BD001D7D76 /* Prework */,
				F118A0D527A4D2C0001D7D76 /* PreworkTests */,
				F118A0DF27A4D2C0001D7D76 /* PreworkUITests */,
			);
		};
/* End PBXProject section */

/* Begin PBXResourcesBuildPhase section */
		F118A0BE27A4D2BD001D7D76 /* Resources */ = {
			isa = PBXResourcesBuildPhase;
			buildActionMask = 2147483647;
			files = (
				F118A0D027A4D2C0001D7D76 /* LaunchScreen.storyboard in Resources */,
				F118A0CD27A4D2C0001D7D76 /* Assets.xcassets in Resources */,
				F118A0CB27A4D2BD001D7D76 /* Main.storyboard in Resources */,
			);
			runOnlyForDeploymentPostprocessing = 0;
		};
		F118A0D427A4D2C0001D7D76 /* Resources */ = {
			isa = PBXResourcesBuildPhase;
			buildActionMask = 2147483647;
			files = (
			);
			runOnlyForDeploymentPostprocessing = 0;
		};
		F118A0DE27A4D2C0001D7D76 /* Resources */ = {
			isa = PBXResourcesBuildPhase;
			buildActionMask = 2147483647;
			files = (
			);
			runOnlyForDeploymentPostprocessing = 0;
		};
/* End PBXResourcesBuildPhase section */

/* Begin PBXSourcesBuildPhase section */
		F118A0BC27A4D2BD001D7D76 /* Sources */ = {
			isa = PBXSourcesBuildPhase;
			buildActionMask = 2147483647;
			files = (
				F118A0C827A4D2BD001D7D76 /* ViewController.swift in Sources */,
				F118A0C427A4D2BD001D7D76 /* AppDelegate.swift in Sources */,
				F118A0C627A4D2BD001D7D76 /* SceneDelegate.swift in Sources */,
			);
			runOnlyForDeploymentPostprocessing = 0;
		};
		F118A0D227A4D2C0001D7D76 /* Sources */ = {
			isa = PBXSourcesBuildPhase;
			buildActionMask = 2147483647;
			files = (
				F118A0DB27A4D2C0001D7D76 /* PreworkTests.swift in Sources */,
			);
			runOnlyForDeploymentPostprocessing = 0;
		};
		F118A0DC27A4D2C0001D7D76 /* Sources */ = {
			isa = PBXSourcesBuildPhase;
			buildActionMask = 2147483647;
			files = (
				F118A0E527A4D2C0001D7D76 /* PreworkUITests.swift in Sources */,
				F118A0E727A4D2C0001D7D76 /* PreworkUITestsLaunchTests.swift in Sources */,
			);
			runOnlyForDeploymentPostprocessing = 0;
		};
/* End PBXSourcesBuildPhase section */

/* Begin PBXTargetDependency section */
		F118A0D827A4D2C0001D7D76 /* PBXTargetDependency */ = {
			isa = PBXTargetDependency;
			target = F118A0BF27A4D2BD001D7D76 /* Prework */;
			targetProxy = F118A0D727A4D2C0001D7D76 /* PBXContainerItemProxy */;
		};
		F118A0E227A4D2C0001D7D76 /* PBXTargetDependency */ = {
			isa = PBXTargetDependency;
			target = F118A0BF27A4D2BD001D7D76 /* Prework */;
			targetProxy = F118A0E127A4D2C0001D7D76 /* PBXContainerItemProxy */;
		};
/* End PBXTargetDependency section */

/* Begin PBXVariantGroup section */
		F118A0C927A4D2BD001D7D76 /* Main.storyboard */ = {
			isa = PBXVariantGroup;
			children = (
				F118A0CA27A4D2BD001D7D76 /* Base */,
			);
			name = Main.storyboard;
			sourceTree = "<group>";
		};
		F118A0CE27A4D2C0001D7D76 /* LaunchScreen.storyboard */ = {
			isa = PBXVariantGroup;
			children = (
				F118A0CF27A4D2C0001D7D76 /* Base */,
			);
			name = LaunchScreen.storyboard;
			sourceTree = "<group>";
		};
/* End PBXVariantGroup section */

/* Begin XCBuildConfiguration section */
		F118A0E827A4D2C0001D7D76 /* Debug */ = {
			isa = XCBuildConfiguration;
			buildSettings = {
				ALWAYS_SEARCH_USER_PATHS = NO;
				CLANG_ANALYZER_NONNULL = YES;
				CLANG_ANALYZER_NUMBER_OBJECT_CONVERSION = YES_AGGRESSIVE;
				CLANG_CXX_LANGUAGE_STANDARD = "gnu++17";
				CLANG_ENABLE_MODULES = YES;
				CLANG_ENABLE_OBJC_ARC = YES;
				CLANG_ENABLE_OBJC_WEAK = YES;
				CLANG_WARN_BLOCK_CAPTURE_AUTORELEASING = YES;
				CLANG_WARN_BOOL_CONVERSION = YES;
				CLANG_WARN_COMMA = YES;
				CLANG_WARN_CONSTANT_CONVERSION = YES;
				CLANG_WARN_DEPRECATED_OBJC_IMPLEMENTATIONS = YES;
				CLANG_WARN_DIRECT_OBJC_ISA_USAGE = YES_ERROR;
				CLANG_WARN_DOCUMENTATION_COMMENTS = YES;
				CLANG_WARN_EMPTY_BODY = YES;
				CLANG_WARN_ENUM_CONVERSION = YES;
				CLANG_WARN_INFINITE_RECURSION = YES;
				CLANG_WARN_INT_CONVERSION = YES;
				CLANG_WARN_NON_LITERAL_NULL_CONVERSION = YES;
				CLANG_WARN_OBJC_IMPLICIT_RETAIN_SELF = YES;
				CLANG_WARN_OBJC_LITERAL_CONVERSION = YES;
				CLANG_WARN_OBJC_ROOT_CLASS = YES_ERROR;
				CLANG_WARN_QUOTED_INCLUDE_IN_FRAMEWORK_HEADER = YES;
				CLANG_WARN_RANGE_LOOP_ANALYSIS = YES;
				CLANG_WARN_STRICT_PROTOTYPES = YES;
				CLANG_WARN_SUSPICIOUS_MOVE = YES;
				CLANG_WARN_UNGUARDED_AVAILABILITY = YES_AGGRESSIVE;
				CLANG_WARN_UNREACHABLE_CODE = YES;
				CLANG_WARN__DUPLICATE_METHOD_MATCH = YES;
				COPY_PHASE_STRIP = NO;
				DEBUG_INFORMATION_FORMAT = dwarf;
				ENABLE_STRICT_OBJC_MSGSEND = YES;
				ENABLE_TESTABILITY = YES;
				GCC_C_LANGUAGE_STANDARD = gnu11;
				GCC_DYNAMIC_NO_PIC = NO;
				GCC_NO_COMMON_BLOCKS = YES;
				GCC_OPTIMIZATION_LEVEL = 0;
				GCC_PREPROCESSOR_DEFINITIONS = (
					"DEBUG=1",
					"$(inherited)",
				);
				GCC_WARN_64_TO_32_BIT_CONVERSION = YES;
				GCC_WARN_ABOUT_RETURN_TYPE = YES_ERROR;
				GCC_WARN_UNDECLARED_SELECTOR = YES;
				GCC_WARN_UNINITIALIZED_AUTOS = YES_AGGRESSIVE;
				GCC_WARN_UNUSED_FUNCTION = YES;
				GCC_WARN_UNUSED_VARIABLE = YES;
				IPHONEOS_DEPLOYMENT_TARGET = 15.4;
				MTL_ENABLE_DEBUG_INFO = INCLUDE_SOURCE;
				MTL_FAST_MATH = YES;
				ONLY_ACTIVE_ARCH = YES;
				SDKROOT = iphoneos;
				SWIFT_ACTIVE_COMPILATION_CONDITIONS = DEBUG;
				SWIFT_OPTIMIZATION_LEVEL = "-Onone";
			};
			name = Debug;
		};
		F118A0E927A4D2C0001D7D76 /* Release */ = {
			isa = XCBuildConfiguration;
			buildSettings = {
				ALWAYS_SEARCH_USER_PATHS = NO;
				CLANG_ANALYZER_NONNULL = YES;
				CLANG_ANALYZER_NUMBER_OBJECT_CONVERSION = YES_AGGRESSIVE;
				CLANG_CXX_LANGUAGE_STANDARD = "gnu++17";
				CLANG_ENABLE_MODULES = YES;
				CLANG_ENABLE_OBJC_ARC = YES;
				CLANG_ENABLE_OBJC_WEAK = YES;
				CLANG_WARN_BLOCK_CAPTURE_AUTORELEASING = YES;
				CLANG_WARN_BOOL_CONVERSION = YES;
				CLANG_WARN_COMMA = YES;
				CLANG_WARN_CONSTANT_CONVERSION = YES;
				CLANG_WARN_DEPRECATED_OBJC_IMPLEMENTATIONS = YES;
				CLANG_WARN_DIRECT_OBJC_ISA_USAGE = YES_ERROR;
				CLANG_WARN_DOCUMENTATION_COMMENTS = YES;
				CLANG_WARN_EMPTY_BODY = YES;
				CLANG_WARN_ENUM_CONVERSION = YES;
				CLANG_WARN_INFINITE_RECURSION = YES;
				CLANG_WARN_INT_CONVERSION = YES;
				CLANG_WARN_NON_LITERAL_NULL_CONVERSION = YES;
				CLANG_WARN_OBJC_IMPLICIT_RETAIN_SELF = YES;
				CLANG_WARN_OBJC_LITERAL_CONVERSION = YES;
				CLANG_WARN_OBJC_ROOT_CLASS = YES_ERROR;
				CLANG_WARN_QUOTED_INCLUDE_IN_FRAMEWORK_HEADER = YES;
				CLANG_WARN_RANGE_LOOP_ANALYSIS = YES;
				CLANG_WARN_STRICT_PROTOTYPES = YES;
				CLANG_WARN_SUSPICIOUS_MOVE = YES;
				CLANG_WARN_UNGUARDED_AVAILABILITY = YES_AGGRESSIVE;
				CLANG_WARN_UNREACHABLE_CODE = YES;
				CLANG_WARN__DUPLICATE_METHOD_MATCH = YES;
				COPY_PHASE_STRIP = NO;
				DEBUG_INFORMATION_FORMAT = "dwarf-with-dsym";
				ENABLE_NS_ASSERTIONS = NO;
				ENABLE_STRICT_OBJC_MSGSEND = YES;
				GCC_C_LANGUAGE_STANDARD = gnu11;
				GCC_NO_COMMON_BLOCKS = YES;
				GCC_WARN_64_TO_32_BIT_CONVERSION = YES;
				GCC_WARN_ABOUT_RETURN_TYPE = YES_ERROR;
				GCC_WARN_UNDECLARED_SELECTOR = YES;
				GCC_WARN_UNINITIALIZED_AUTOS = YES_AGGRESSIVE;
				GCC_WARN_UNUSED_FUNCTION = YES;
				GCC_WARN_UNUSED_VARIABLE = YES;
				IPHONEOS_DEPLOYMENT_TARGET = 15.4;
				MTL_ENABLE_DEBUG_INFO = NO;
				MTL_FAST_MATH = YES;
				SDKROOT = iphoneos;
				SWIFT_COMPILATION_MODE = wholemodule;
				SWIFT_OPTIMIZATION_LEVEL = "-O";
				VALIDATE_PRODUCT = YES;
			};
			name = Release;
		};
		F118A0EB27A4D2C0001D7D76 /* Debug */ = {
			isa = XCBuildConfiguration;
			buildSettings = {
				ASSETCATALOG_COMPILER_APPICON_NAME = AppIcon;
				ASSETCATALOG_COMPILER_GLOBAL_ACCENT_COLOR_NAME = AccentColor;
				CODE_SIGN_STYLE = Automatic;
				CURRENT_PROJECT_VERSION = 1;
				DEVELOPMENT_TEAM = 4U62N846G3;
				GENERATE_INFOPLIST_FILE = YES;
				INFOPLIST_FILE = Prework/Info.plist;
				INFOPLIST_KEY_UIApplicationSupportsIndirectInputEvents = YES;
				INFOPLIST_KEY_UILaunchStoryboardName = LaunchScreen;
				INFOPLIST_KEY_UIMainStoryboardFile = Main;
				INFOPLIST_KEY_UISupportedInterfaceOrientations_iPad = "UIInterfaceOrientationPortrait UIInterfaceOrientationPortraitUpsideDown UIInterfaceOrientationLandscapeLeft UIInterfaceOrientationLandscapeRight";
				INFOPLIST_KEY_UISupportedInterfaceOrientations_iPhone = "UIInterfaceOrientationPortrait UIInterfaceOrientationLandscapeLeft UIInterfaceOrientationLandscapeRight";
				LD_RUNPATH_SEARCH_PATHS = (
					"$(inherited)",
					"@executable_path/Frameworks",
				);
				MARKETING_VERSION = 1.0;
				PRODUCT_BUNDLE_IDENTIFIER = memo.com.Prework;
				PRODUCT_NAME = "$(TARGET_NAME)";
				SWIFT_EMIT_LOC_STRINGS = YES;
				SWIFT_VERSION = 5.0;
				TARGETED_DEVICE_FAMILY = "1,2";
			};
			name = Debug;
		};
		F118A0EC27A4D2C0001D7D76 /* Release */ = {
			isa = XCBuildConfiguration;
			buildSettings = {
				ASSETCATALOG_COMPILER_APPICON_NAME = AppIcon;
				ASSETCATALOG_COMPILER_GLOBAL_ACCENT_COLOR_NAME = AccentColor;
				CODE_SIGN_STYLE = Automatic;
				CURRENT_PROJECT_VERSION = 1;
				DEVELOPMENT_TEAM = 4U62N846G3;
				GENERATE_INFOPLIST_FILE = YES;
				INFOPLIST_FILE = Prework/Info.plist;
				INFOPLIST_KEY_UIApplicationSupportsIndirectInputEvents = YES;
				INFOPLIST_KEY_UILaunchStoryboardName = LaunchScreen;
				INFOPLIST_KEY_UIMainStoryboardFile = Main;
				INFOPLIST_KEY_UISupportedInterfaceOrientations_iPad = "UIInterfaceOrientationPortrait UIInterfaceOrientationPortraitUpsideDown UIInterfaceOrientationLandscapeLeft UIInterfaceOrientationLandscapeRight";
				INFOPLIST_KEY_UISupportedInterfaceOrientations_iPhone = "UIInterfaceOrientationPortrait UIInterfaceOrientationLandscapeLeft UIInterfaceOrientationLandscapeRight";
				LD_RUNPATH_SEARCH_PATHS = (
					"$(inherited)",
					"@executable_path/Frameworks",
				);
				MARKETING_VERSION = 1.0;
				PRODUCT_BUNDLE_IDENTIFIER = memo.com.Prework;
				PRODUCT_NAME = "$(TARGET_NAME)";
				SWIFT_EMIT_LOC_STRINGS = YES;
				SWIFT_VERSION = 5.0;
				TARGETED_DEVICE_FAMILY = "1,2";
			};
			name = Release;
		};
		F118A0EE27A4D2C0001D7D76 /* Debug */ = {
			isa = XCBuildConfiguration;
			buildSettings = {
				ALWAYS_EMBED_SWIFT_STANDARD_LIBRARIES = YES;
				BUNDLE_LOADER = "$(TEST_HOST)";
				CODE_SIGN_STYLE = Automatic;
				CURRENT_PROJECT_VERSION = 1;
				GENERATE_INFOPLIST_FILE = YES;
				IPHONEOS_DEPLOYMENT_TARGET = 15.4;
				MARKETING_VERSION = 1.0;
				PRODUCT_BUNDLE_IDENTIFIER = memo.com.PreworkTests;
				PRODUCT_NAME = "$(TARGET_NAME)";
				SWIFT_EMIT_LOC_STRINGS = NO;
				SWIFT_VERSION = 5.0;
				TARGETED_DEVICE_FAMILY = "1,2";
				TEST_HOST = "$(BUILT_PRODUCTS_DIR)/Prework.app/Prework";
			};
			name = Debug;
		};
		F118A0EF27A4D2C0001D7D76 /* Release */ = {
			isa = XCBuildConfiguration;
			buildSettings = {
				ALWAYS_EMBED_SWIFT_STANDARD_LIBRARIES = YES;
				BUNDLE_LOADER = "$(TEST_HOST)";
				CODE_SIGN_STYLE = Automatic;
				CURRENT_PROJECT_VERSION = 1;
				GENERATE_INFOPLIST_FILE = YES;
				IPHONEOS_DEPLOYMENT_TARGET = 15.4;
				MARKETING_VERSION = 1.0;
				PRODUCT_BUNDLE_IDENTIFIER = memo.com.PreworkTests;
				PRODUCT_NAME = "$(TARGET_NAME)";
				SWIFT_EMIT_LOC_STRINGS = NO;
				SWIFT_VERSION = 5.0;
				TARGETED_DEVICE_FAMILY = "1,2";
				TEST_HOST = "$(BUILT_PRODUCTS_DIR)/Prework.app/Prework";
			};
			name = Release;
		};
		F118A0F127A4D2C0001D7D76 /* Debug */ = {
			isa = XCBuildConfiguration;
			buildSettings = {
				ALWAYS_EMBED_SWIFT_STANDARD_LIBRARIES = YES;
				CODE_SIGN_STYLE = Automatic;
				CURRENT_PROJECT_VERSION = 1;
				GENERATE_INFOPLIST_FILE = YES;
				MARKETING_VERSION = 1.0;
				PRODUCT_BUNDLE_IDENTIFIER = memo.com.PreworkUITests;
				PRODUCT_NAME = "$(TARGET_NAME)";
				SWIFT_EMIT_LOC_STRINGS = NO;
				SWIFT_VERSION = 5.0;
				TARGETED_DEVICE_FAMILY = "1,2";
				TEST_TARGET_NAME = Prework;
			};
			name = Debug;
		};
		F118A0F227A4D2C0001D7D76 /* Release */ = {
			isa = XCBuildConfiguration;
			buildSettings = {
				ALWAYS_EMBED_SWIFT_STANDARD_LIBRARIES = YES;
				CODE_SIGN_STYLE = Automatic;
				CURRENT_PROJECT_VERSION = 1;
				GENERATE_INFOPLIST_FILE = YES;
				MARKETING_VERSION = 1.0;
				PRODUCT_BUNDLE_IDENTIFIER = memo.com.PreworkUITests;
				PRODUCT_NAME = "$(TARGET_NAME)";
				SWIFT_EMIT_LOC_STRINGS = NO;
				SWIFT_VERSION = 5.0;
				TARGETED_DEVICE_FAMILY = "1,2";
				TEST_TARGET_NAME = Prework;
			};
			name = Release;
		};
/* End XCBuildConfiguration section */

/* Begin XCConfigurationList section */
		F118A0BB27A4D2BD001D7D76 /* Build configuration list for PBXProject "Prework" */ = {
			isa = XCConfigurationList;
			buildConfigurations = (
				F118A0E827A4D2C0001D7D76 /* Debug */,
				F118A0E927A4D2C0001D7D76 /* Release */,
			);
			defaultConfigurationIsVisible = 0;
			defaultConfigurationName = Release;
		};
		F118A0EA27A4D2C0001D7D76 /* Build configuration list for PBXNativeTarget "Prework" */ = {
			isa = XCConfigurationList;
			buildConfigurations = (
				F118A0EB27A4D2C0001D7D76 /* Debug */,
				F118A0EC27A4D2C0001D7D76 /* Release */,
			);
			defaultConfigurationIsVisible = 0;
			defaultConfigurationName = Release;
		};
		F118A0ED27A4D2C0001D7D76 /* Build configuration list for PBXNativeTarget "PreworkTests" */ = {
			isa = XCConfigurationList;
			buildConfigurations = (
				F118A0EE27A4D2C0001D7D76 /* Debug */,
				F118A0EF27A4D2C0001D7D76 /* Release */,
			);
			defaultConfigurationIsVisible = 0;
			defaultConfigurationName = Release;
		};
		F118A0F027A4D2C0001D7D76 /* Build configuration list for PBXNativeTarget "PreworkUITests" */ = {
			isa = XCConfigurationList;
			buildConfigurations = (
				F118A0F127A4D2C0001D7D76 /* Debug */,
				F118A0F227A4D2C0001D7D76 /* Release */,
			);
			defaultConfigurationIsVisible = 0;
			defaultConfigurationName = Release;
		};
/* End XCConfigurationList section */
	};
	rootObject = F118A0B827A4D2BD001D7D76 /* Project object */;
}
